Microsoft Visual Studio Solution File, Format Version 12.00
# Visual Studio Version 17
VisualStudioVersion = 17.5.2.0
MinimumVisualStudioVersion = 10.0.40219.1
Project("{FAE04EC0-301F-11D3-BF4B-00C04F79EFBC}") = "cns_presentation", "cns_presentation\cns_presentation.csproj", "{3F09FA2D-5301-9D38-3D44-83188B6EBB36}"
EndProject
Global
	GlobalSection(SolutionConfigurationPlatforms) = preSolution
		Debug|Any CPU = Debug|Any CPU
		Release|Any CPU = Release|Any CPU
	EndGlobalSection
	GlobalSection(ProjectConfigurationPlatforms) = postSolution
		{3F09FA2D-5301-9D38-3D44-83188B6EBB36}.Debug|Any CPU.ActiveCfg = Debug|Any CPU
		{3F09FA2D-5301-9D38-3D44-83188B6EBB36}.Debug|Any CPU.Build.0 = Debug|Any CPU
		{3F09FA2D-5301-9D38-3D44-83188B6EBB36}.Release|Any CPU.ActiveCfg = Release|Any CPU
		{3F09FA2D-5301-9D38-3D44-83188B6EBB36}.Release|Any CPU.Build.0 = Release|Any CPU
	EndGlobalSection
	GlobalSection(SolutionProperties) = preSolution
		HideSolutionNode = FALSE
	EndGlobalSection
	GlobalSection(ExtensibilityGlobals) = postSolution
		SolutionGuid = {24652640-2022-4C8A-88E5-34168626C3A3}
	EndGlobalSection
EndGlobal
